
Microsoft Visual Studio Solution File, Format Version 12.00
# Visual Studio Version 17
VisualStudioVersion = 17.0.31903.59
MinimumVisualStudioVersion = 10.0.40219.1
Project("{2150E333-8FDC-42A3-9474-1A3956D46DE8}") = "src", "src", "{827E0CD3-B72D-47B6-A68D-7590B98EB39B}"
EndProject
Project("{FAE04EC0-301F-11D3-BF4B-00C04F79EFBC}") = "FixIt.Api", "src\FixIt.Api\FixIt.Api.csproj", "{FAB5D4C0-9593-409D-9A6A-79AE8F9FFC09}"
EndProject
Project("{FAE04EC0-301F-11D3-BF4B-00C04F79EFBC}") = "FixIt.Application", "src\FixIt.Application\FixIt.Application.csproj", "{C2778200-5107-4D18-9462-74CC4BEE87E9}"
EndProject
Project("{FAE04EC0-301F-11D3-BF4B-00C04F79EFBC}") = "FixIt.Domain", "src\FixIt.Domain\FixIt.Domain.csproj", "{364D900D-A9F2-4A7B-B60A-D44DE7EB3AE8}"
EndProject
Project("{FAE04EC0-301F-11D3-BF4B-00C04F79EFBC}") = "FixIt.Infrastructure", "src\FixIt.Infrastructure\FixIt.Infrastructure.csproj", "{8475AD15-67E8-4DB4-BC4F-E53FFEC2722C}"
EndProject
Global
	GlobalSection(SolutionConfigurationPlatforms) = preSolution
		Debug|Any CPU = Debug|Any CPU
		Debug|x64 = Debug|x64
		Debug|x86 = Debug|x86
		Release|Any CPU = Release|Any CPU
		Release|x64 = Release|x64
		Release|x86 = Release|x86
	EndGlobalSection
	GlobalSection(ProjectConfigurationPlatforms) = postSolution
		{FAB5D4C0-9593-409D-9A6A-79AE8F9FFC09}.Debug|Any CPU.ActiveCfg = Debug|Any CPU
		{FAB5D4C0-9593-409D-9A6A-79AE8F9FFC09}.Debug|Any CPU.Build.0 = Debug|Any CPU
		{FAB5D4C0-9593-409D-9A6A-79AE8F9FFC09}.Debug|x64.ActiveCfg = Debug|Any CPU
		{FAB5D4C0-9593-409D-9A6A-79AE8F9FFC09}.Debug|x64.Build.0 = Debug|Any CPU
		{FAB5D4C0-9593-409D-9A6A-79AE8F9FFC09}.Debug|x86.ActiveCfg = Debug|Any CPU
		{FAB5D4C0-9593-409D-9A6A-79AE8F9FFC09}.Debug|x86.Build.0 = Debug|Any CPU
		{FAB5D4C0-9593-409D-9A6A-79AE8F9FFC09}.Release|Any CPU.ActiveCfg = Release|Any CPU
		{FAB5D4C0-9593-409D-9A6A-79AE8F9FFC09}.Release|Any CPU.Build.0 = Release|Any CPU
		{FAB5D4C0-9593-409D-9A6A-79AE8F9FFC09}.Release|x64.ActiveCfg = Release|Any CPU
		{FAB5D4C0-9593-409D-9A6A-79AE8F9FFC09}.Release|x64.Build.0 = Release|Any CPU
		{FAB5D4C0-9593-409D-9A6A-79AE8F9FFC09}.Release|x86.ActiveCfg = Release|Any CPU
		{FAB5D4C0-9593-409D-9A6A-79AE8F9FFC09}.Release|x86.Build.0 = Release|Any CPU
		{C2778200-5107-4D18-9462-74CC4BEE87E9}.Debug|Any CPU.ActiveCfg = Debug|Any CPU
		{C2778200-5107-4D18-9462-74CC4BEE87E9}.Debug|Any CPU.Build.0 = Debug|Any CPU
		{C2778200-5107-4D18-9462-74CC4BEE87E9}.Debug|x64.ActiveCfg = Debug|Any CPU
		{C2778200-5107-4D18-9462-74CC4BEE87E9}.Debug|x64.Build.0 = Debug|Any CPU
		{C2778200-5107-4D18-9462-74CC4BEE87E9}.Debug|x86.ActiveCfg = Debug|Any CPU
		{C2778200-5107-4D18-9462-74CC4BEE87E9}.Debug|x86.Build.0 = Debug|Any CPU
		{C2778200-5107-4D18-9462-74CC4BEE87E9}.Release|Any CPU.ActiveCfg = Release|Any CPU
		{C2778200-5107-4D18-9462-74CC4BEE87E9}.Release|Any CPU.Build.0 = Release|Any CPU
		{C2778200-5107-4D18-9462-74CC4BEE87E9}.Release|x64.ActiveCfg = Release|Any CPU
		{C2778200-5107-4D18-9462-74CC4BEE87E9}.Release|x64.Build.0 = Release|Any CPU
		{C2778200-5107-4D18-9462-74CC4BEE87E9}.Release|x86.ActiveCfg = Release|Any CPU
		{C2778200-5107-4D18-9462-74CC4BEE87E9}.Release|x86.Build.0 = Release|Any CPU
		{364D900D-A9F2-4A7B-B60A-D44DE7EB3AE8}.Debug|Any CPU.ActiveCfg = Debug|Any CPU
		{364D900D-A9F2-4A7B-B60A-D44DE7EB3AE8}.Debug|Any CPU.Build.0 = Debug|Any CPU
		{364D900D-A9F2-4A7B-B60A-D44DE7EB3AE8}.Debug|x64.ActiveCfg = Debug|Any CPU
		{364D900D-A9F2-4A7B-B60A-D44DE7EB3AE8}.Debug|x64.Build.0 = Debug|Any CPU
		{364D900D-A9F2-4A7B-B60A-D44DE7EB3AE8}.Debug|x86.ActiveCfg = Debug|Any CPU
		{364D900D-A9F2-4A7B-B60A-D44DE7EB3AE8}.Debug|x86.Build.0 = Debug|Any CPU
		{364D900D-A9F2-4A7B-B60A-D44DE7EB3AE8}.Release|Any CPU.ActiveCfg = Release|Any CPU
		{364D900D-A9F2-4A7B-B60A-D44DE7EB3AE8}.Release|Any CPU.Build.0 = Release|Any CPU
		{364D900D-A9F2-4A7B-B60A-D44DE7EB3AE8}.Release|x64.ActiveCfg = Release|Any CPU
		{364D900D-A9F2-4A7B-B60A-D44DE7EB3AE8}.Release|x64.Build.0 = Release|Any CPU
		{364D900D-A9F2-4A7B-B60A-D44DE7EB3AE8}.Release|x86.ActiveCfg = Release|Any CPU
		{364D900D-A9F2-4A7B-B60A-D44DE7EB3AE8}.Release|x86.Build.0 = Release|Any CPU
		{8475AD15-67E8-4DB4-BC4F-E53FFEC2722C}.Debug|Any CPU.ActiveCfg = Debug|Any CPU
		{8475AD15-67E8-4DB4-BC4F-E53FFEC2722C}.Debug|Any CPU.Build.0 = Debug|Any CPU
		{8475AD15-67E8-4DB4-BC4F-E53FFEC2722C}.Debug|x64.ActiveCfg = Debug|Any CPU
		{8475AD15-67E8-4DB4-BC4F-E53FFEC2722C}.Debug|x64.Build.0 = Debug|Any CPU
		{8475AD15-67E8-4DB4-BC4F-E53FFEC2722C}.Debug|x86.ActiveCfg = Debug|Any CPU
		{8475AD15-67E8-4DB4-BC4F-E53FFEC2722C}.Debug|x86.Build.0 = Debug|Any CPU
		{8475AD15-67E8-4DB4-BC4F-E53FFEC2722C}.Release|Any CPU.ActiveCfg = Release|Any CPU
		{8475AD15-67E8-4DB4-BC4F-E53FFEC2722C}.Release|Any CPU.Build.0 = Release|Any CPU
		{8475AD15-67E8-4DB4-BC4F-E53FFEC2722C}.Release|x64.ActiveCfg = Release|Any CPU
		{8475AD15-67E8-4DB4-BC4F-E53FFEC2722C}.Release|x64.Build.0 = Release|Any CPU
		{8475AD15-67E8-4DB4-BC4F-E53FFEC2722C}.Release|x86.ActiveCfg = Release|Any CPU
		{8475AD15-67E8-4DB4-BC4F-E53FFEC2722C}.Release|x86.Build.0 = Release|Any CPU
	EndGlobalSection
	GlobalSection(SolutionProperties) = preSolution
		HideSolutionNode = FALSE
	EndGlobalSection
	GlobalSection(NestedProjects) = preSolution
		{FAB5D4C0-9593-409D-9A6A-79AE8F9FFC09} = {827E0CD3-B72D-47B6-A68D-7590B98EB39B}
		{C2778200-5107-4D18-9462-74CC4BEE87E9} = {827E0CD3-B72D-47B6-A68D-7590B98EB39B}
		{364D900D-A9F2-4A7B-B60A-D44DE7EB3AE8} = {827E0CD3-B72D-47B6-A68D-7590B98EB39B}
		{8475AD15-67E8-4DB4-BC4F-E53FFEC2722C} = {827E0CD3-B72D-47B6-A68D-7590B98EB39B}
	EndGlobalSection
EndGlobal
